
Microsoft Visual Studio Solution File, Format Version 12.00
# Visual Studio Version 16
VisualStudioVersion = 16.0.30611.23
MinimumVisualStudioVersion = 10.0.40219.1
Project("{FAE04EC0-301F-11D3-BF4B-00C04F79EFBC}") = "BTL_QuanLyKhachSan", "BTL_QuanLyKhachSan\BTL_QuanLyKhachSan.csproj", "{59C9560C-210F-4F96-AFD5-EE7A62762EDE}"
EndProject
Global
	GlobalSection(SolutionConfigurationPlatforms) = preSolution
		Debug|Any CPU = Debug|Any CPU
		Release|Any CPU = Release|Any CPU
	EndGlobalSection
	GlobalSection(ProjectConfigurationPlatforms) = postSolution
		{59C9560C-210F-4F96-AFD5-EE7A62762EDE}.Debug|Any CPU.ActiveCfg = Debug|Any CPU
		{59C9560C-210F-4F96-AFD5-EE7A62762EDE}.Debug|Any CPU.Build.0 = Debug|Any CPU
		{59C9560C-210F-4F96-AFD5-EE7A62762EDE}.Release|Any CPU.ActiveCfg = Release|Any CPU
		{59C9560C-210F-4F96-AFD5-EE7A62762EDE}.Release|Any CPU.Build.0 = Release|Any CPU
	EndGlobalSection
	GlobalSection(SolutionProperties) = preSolution
		HideSolutionNode = FALSE
	EndGlobalSection
	GlobalSection(ExtensibilityGlobals) = postSolution
		SolutionGuid = {AC228871-F5AA-4AAD-B57F-3647C4477571}
	EndGlobalSection
EndGlobal
